<?xml version="1.0" encoding="utf-8"?>
<Project ToolsVersion="4.0" xmlns="http://schemas.microsoft.com/developer/msbuild/2003">
  <ItemGroup>
    <Filter Include="Source Files">
      <UniqueIdentifier>{4FC737F1-C7A5-4376-A066-2A32D752A2FF}</UniqueIdentifier>
      <Extensions>cpp;c;cc;cxx;def;odl;idl;hpj;bat;asm;asmx</Extensions>
    </Filter>
    <Filter Include="Header Files">
      <UniqueIdentifier>{93995380-89BD-4b04-88EB-625FBE52EBFB}</UniqueIdentifier>
      <Extensions>h;hh;hpp;hxx;hm;inl;inc;xsd</Extensions>
    </Filter>
    <Filter Include="Resource Files">
      <UniqueIdentifier>{67DA6AB6-F800-4c08-8B7A-83BB121AAD01}</UniqueIdentifier>
      <Extensions>rc;ico;cur;bmp;dlg;rc2;rct;bin;rgs;gif;jpg;jpeg;jpe;resx;tiff;tif;png;wav;mfcribbon-ms</Extensions>
    </Filter>
  </ItemGroup>
  <ItemGroup>
    <ClInclude Include="include\cGZCOMLibrary.h">
      <Filter>Header Files</Filter>
    </ClInclude>
    <ClInclude Include="include\cIGZCOM.h">
      <Filter>Header Files</Filter>
    </ClInclude>
    <ClInclude Include="include\cIGZCOMDirector.h">
      <Filter>Header Files</Filter>
    </ClInclude>
    <ClInclude Include="include\cIGZCOMLibrary.h">
      <Filter>Header Files</Filter>
    </ClInclude>
    <ClInclude Include="include\cIGZFrameWork.h">
      <Filter>Header Files</Filter>
    </ClInclude>
    <ClInclude Include="include\cIGZFrameWorkHooks.h">
      <Filter>Header Files</Filter>
    </ClInclude>
    <ClInclude Include="include\cIGZString.h">
      <Filter>Header Files</Filter>
    </ClInclude>
    <ClInclude Include="include\cIGZSystemService.h">
      <Filter>Header Files</Filter>
    </ClInclude>
    <ClInclude Include="include\cIGZUnknown.h">
      <Filter>Header Files</Filter>
    </ClInclude>
    <ClInclude Include="include\cRZCOMDllDirector.h">
      <Filter>Header Files</Filter>
    </ClInclude>
    <ClInclude Include="include\cIGZApp.h">
      <Filter>Header Files</Filter>
    </ClInclude>
    <ClInclude Include="include\cISC4App.h">
      <Filter>Header Files</Filter>
    </ClInclude>
    <ClInclude Include="include\cIGZCheatCodeManager.h">
      <Filter>Header Files</Filter>
    </ClInclude>
    <ClInclude Include="include\cISC4City.h">
      <Filter>Header Files</Filter>
    </ClInclude>
    <ClInclude Include="include\cISC4FeatureManager.h">
      <Filter>Header Files</Filter>
    </ClInclude>
    <ClInclude Include="include\cISC4Nation.h">
      <Filter>Header Files</Filter>
    </ClInclude>
    <ClInclude Include="include\cISC4Region.h">
      <Filter>Header Files</Filter>
    </ClInclude>
    <ClInclude Include="include\cISC4RenderProperties.h">
      <Filter>Header Files</Filter>
    </ClInclude>
    <ClInclude Include="include\cRZBaseString.h">
      <Filter>Header Files</Filter>
    </ClInclude>
    <ClInclude Include="include\cISC424HourClock.h">
      <Filter>Header Files</Filter>
    </ClInclude>
    <ClInclude Include="include\cIGZSerializable.h">
      <Filter>Header Files</Filter>
    </ClInclude>
    <ClInclude Include="include\cISC4DBSegmentOStream.h">
      <Filter>Header Files</Filter>
    </ClInclude>
    <ClInclude Include="include\cIGZOStream.h">
      <Filter>Header Files</Filter>
    </ClInclude>
    <ClInclude Include="include\cIGZIStream.h">
      <Filter>Header Files</Filter>
    </ClInclude>
    <ClInclude Include="include\cISC4DBSegmentIStream.h">
      <Filter>Header Files</Filter>
    </ClInclude>
    <ClInclude Include="include\cIGZMessage2.h">
      <Filter>Header Files</Filter>
    </ClInclude>
    <ClInclude Include="include\cIGZMessage2Standard.h">
      <Filter>Header Files</Filter>
    </ClInclude>
    <ClInclude Include="include\cIGZCanvasMessage.h">
      <Filter>Header Files</Filter>
    </ClInclude>
    <ClInclude Include="include\cIGZMouseMessage.h">
      <Filter>Header Files</Filter>
    </ClInclude>
    <ClInclude Include="include\cRZPoint.h">
      <Filter>Header Files</Filter>
    </ClInclude>
    <ClInclude Include="include\cIGZKeyMessage.h">
      <Filter>Header Files</Filter>
    </ClInclude>
    <ClInclude Include="include\GZCLSIDDefs.h">
      <Filter>Header Files</Filter>
    </ClInclude>
    <ClInclude Include="include\cGZMessage.h">
      <Filter>Header Files</Filter>
    </ClInclude>
    <ClInclude Include="include\cIGZMessageServer2.h">
      <Filter>Header Files</Filter>
    </ClInclude>
    <ClInclude Include="include\cIGZMessageTarget2.h">
      <Filter>Header Files</Filter>
    </ClInclude>
    <ClInclude Include="include\cIGZMessageTarget.h">
      <Filter>Header Files</Filter>
    </ClInclude>
    <ClInclude Include="include\cIGZMessageServer.h">
      <Filter>Header Files</Filter>
    </ClInclude>
    <ClInclude Include="include\cRZSysServPtr.h">
      <Filter>Header Files</Filter>
    </ClInclude>
    <ClInclude Include="include\GZServPtrs.h">
      <Filter>Header Files</Filter>
    </ClInclude>
    <ClInclude Include="include\GZServDecls.h">
      <Filter>Header Files</Filter>
    </ClInclude>
    <ClInclude Include="include\cISC4Simulator.h">
      <Filter>Header Files</Filter>
    </ClInclude>
    <ClInclude Include="include\GZMSGIDDefs.h">
      <Filter>Header Files</Filter>
    </ClInclude>
    <ClInclude Include="include\cISC4HistoryWarehouse.h">
      <Filter>Header Files</Filter>
    </ClInclude>
    <ClInclude Include="include\cISC4LotManager.h">
      <Filter>Header Files</Filter>
    </ClInclude>
    <ClInclude Include="include\cS3DVector3.h">
      <Filter>Header Files</Filter>
    </ClInclude>
    <ClInclude Include="include\cISC4NetworkManager.h">
      <Filter>Header Files</Filter>
    </ClInclude>
    <ClInclude Include="include\SC4Point.h">
      <Filter>Header Files</Filter>
    </ClInclude>
    <ClInclude Include="include\SC4Rect.h">
      <Filter>Header Files</Filter>
    </ClInclude>
    <ClInclude Include="include\cISC4TutorialSystem.h">
      <Filter>Header Files</Filter>
    </ClInclude>
    <ClInclude Include="include\cISC4DisasterLayer.h">
      <Filter>Header Files</Filter>
    </ClInclude>
    <ClInclude Include="include\cISC4DisasterInstance.h">
      <Filter>Header Files</Filter>
    </ClInclude>
    <ClInclude Include="include\cISC4DisasterInstanceFire.h">
      <Filter>Header Files</Filter>
    </ClInclude>
    <ClInclude Include="include\cISC4DisasterInstanceVolcano.h">
      <Filter>Header Files</Filter>
    </ClInclude>
    <ClInclude Include="include\cISC4DisasterManager.h">
      <Filter>Header Files</Filter>
    </ClInclude>
    <ClInclude Include="include\cISC4DisasterManagerFire.h">
      <Filter>Header Files</Filter>
    </ClInclude>
    <ClInclude Include="include\cISC4DisasterManagerVolcano.h">
      <Filter>Header Files</Filter>
    </ClInclude>
    <ClInclude Include="include\cISC4Occupant.h">
      <Filter>Header Files</Filter>
    </ClInclude>
    <ClInclude Include="include\cISC4RegionalCity.h">
      <Filter>Header Files</Filter>
    </ClInclude>
    <ClInclude Include="include\cIGZDate.h">
      <Filter>Header Files</Filter>
    </ClInclude>
    <ClInclude Include="include\cISC4PollutionSimulator.h">
      <Filter>Header Files</Filter>
    </ClInclude>
    <ClInclude Include="include\cRZAutoRefCount.h">
      <Filter>Header Files</Filter>
    </ClInclude>
    <ClInclude Include="include\cISC4SimGrid.h">
      <Filter>Header Files</Filter>
    </ClInclude>
    <ClInclude Include="include\cISC4PoliceSimulator.h">
      <Filter>Header Files</Filter>
    </ClInclude>
    <ClInclude Include="include\cISC4BudgetSimulator.h">
      <Filter>Header Files</Filter>
    </ClInclude>
    <ClInclude Include="include\cISCPropertyHolder.h">
      <Filter>Header Files</Filter>
    </ClInclude>
  </ItemGroup>
  <ItemGroup>
    <ClCompile Include="src\cRZCOMDllDirector.cpp">
      <Filter>Source Files</Filter>
    </ClCompile>
    <ClCompile Include="src\cGZCustomDllDirector.cpp">
      <Filter>Source Files</Filter>
    </ClCompile>
    <ClCompile Include="src\cGZExampleDllDirector.cpp">
      <Filter>Source Files</Filter>
    </ClCompile>
    <ClCompile Include="src\cRZBaseString.cpp">
      <Filter>Source Files</Filter>
    </ClCompile>
    <ClCompile Include="src\cS3DVector3.cpp">
      <Filter>Source Files</Filter>
    </ClCompile>
    <ClCompile Include="src\cGZExtraCheatsDllDirector.cpp">
      <Filter>Source Files</Filter>
    </ClCompile>
    <ClCompile Include="src\cGZExtraExtraCheatsDllDirector.cpp">
      <Filter>Source Files</Filter>
    </ClCompile>
    <ClCompile Include="src\cGZCityHallUpgradeDllDirector.cpp">
      <Filter>Source Files</Filter>
    </ClCompile>
  </ItemGroup>
</Project>