<?xml version="1.0" encoding="utf-8"?>
<Project ToolsVersion="4.0" xmlns="http://schemas.microsoft.com/developer/msbuild/2003">
  <ItemGroup>
    <Filter Include="Source Files">
      <UniqueIdentifier>{4FC737F1-C7A5-4376-A066-2A32D752A2FF}</UniqueIdentifier>
      <Extensions>cpp;c;cc;cxx;def;odl;idl;hpj;bat;asm;asmx</Extensions>
    </Filter>
    <Filter Include="Header Files">
      <UniqueIdentifier>{93995380-89BD-4b04-88EB-625FBE52EBFB}</UniqueIdentifier>
      <Extensions>h;hh;hpp;hxx;hm;inl;inc;xsd</Extensions>
    </Filter>
    <Filter Include="Resource Files">
      <UniqueIdentifier>{67DA6AB6-F800-4c08-8B7A-83BB121AAD01}</UniqueIdentifier>
      <Extensions>rc;ico;cur;bmp;dlg;rc2;rct;bin;rgs;gif;jpg;jpeg;jpe;resx;tiff;tif;png;wav;mfcribbon-ms</Extensions>
    </Filter>
    <Filter Include="Source Files\patches">
      <UniqueIdentifier>{c4f3727f-943d-459e-a653-47594189e874}</UniqueIdentifier>
    </Filter>
    <Filter Include="Header Files\patches">
      <UniqueIdentifier>{192d0950-6975-4e59-9c2b-8cc16feeeebd}</UniqueIdentifier>
    </Filter>
    <Filter Include="Source Files\EASTL">
      <UniqueIdentifier>{95973447-f1d0-401e-805a-5b32a3d00398}</UniqueIdentifier>
    </Filter>
  </ItemGroup>
  <ItemGroup>
    <ClCompile Include="dllmain.cpp">
      <Filter>Source Files</Filter>
    </ClCompile>
    <ClCompile Include="patcher.cpp">
      <Filter>Source Files</Filter>
    </ClCompile>
    <ClCompile Include="PuzzlePieceTE.cpp">
      <Filter>Source Files\patches</Filter>
    </ClCompile>
    <ClCompile Include="DLLUnloadPreempt.cpp">
      <Filter>Source Files\patches</Filter>
    </ClCompile>
    <ClCompile Include="version.cpp">
      <Filter>Source Files</Filter>
    </ClCompile>
    <ClCompile Include="PropPoxVaccine.cpp">
      <Filter>Source Files\patches</Filter>
    </ClCompile>
    <ClCompile Include="..\EASTL\source\allocator_eastl.cpp">
      <Filter>Source Files\EASTL</Filter>
    </ClCompile>
    <ClCompile Include="..\EASTL\source\assert.cpp">
      <Filter>Source Files\EASTL</Filter>
    </ClCompile>
    <ClCompile Include="..\EASTL\source\fixed_pool.cpp">
      <Filter>Source Files\EASTL</Filter>
    </ClCompile>
    <ClCompile Include="..\EASTL\source\hashtable.cpp">
      <Filter>Source Files\EASTL</Filter>
    </ClCompile>
    <ClCompile Include="..\EASTL\source\intrusive_list.cpp">
      <Filter>Source Files\EASTL</Filter>
    </ClCompile>
    <ClCompile Include="..\EASTL\source\numeric_limits.cpp">
      <Filter>Source Files\EASTL</Filter>
    </ClCompile>
    <ClCompile Include="..\EASTL\source\red_black_tree.cpp">
      <Filter>Source Files\EASTL</Filter>
    </ClCompile>
    <ClCompile Include="..\EASTL\source\string.cpp">
      <Filter>Source Files\EASTL</Filter>
    </ClCompile>
    <ClCompile Include="..\EASTL\source\thread_support.cpp">
      <Filter>Source Files\EASTL</Filter>
    </ClCompile>
  </ItemGroup>
  <ItemGroup>
    <ClInclude Include="patcher.h">
      <Filter>Header Files</Filter>
    </ClInclude>
    <ClInclude Include="dllmain.h">
      <Filter>Header Files</Filter>
    </ClInclude>
    <ClInclude Include="PuzzlePieceTE.h">
      <Filter>Header Files\patches</Filter>
    </ClInclude>
    <ClInclude Include="DLLUnloadPreempt.h">
      <Filter>Header Files\patches</Filter>
    </ClInclude>
    <ClInclude Include="version.h">
      <Filter>Header Files</Filter>
    </ClInclude>
    <ClInclude Include="resource.h">
      <Filter>Header Files</Filter>
    </ClInclude>
    <ClInclude Include="PropPoxVaccine.h">
      <Filter>Header Files\patches</Filter>
    </ClInclude>
  </ItemGroup>
  <ItemGroup>
    <ResourceCompile Include="SC4Fix.rc">
      <Filter>Resource Files</Filter>
    </ResourceCompile>
  </ItemGroup>
</Project>